{
  "name": "07_instalando-modulo-publicado",
  "version": "1.0.0",
  "lockfileVersion": 3,
  "requires": true,
  "packages": {
    "": {
      "name": "07_instalando-modulo-publicado",
      "version": "1.0.0",
      "license": "ISC",
      "dependencies": {
        "@a.s.julian/fullstackclub": "^1.0.2"
      }
    },
    "node_modules/@a.s.julian/fullstackclub": {
      "version": "1.0.2",
      "resolved": "https://registry.npmjs.org/@a.s.julian/fullstackclub/-/fullstackclub-1.0.2.tgz",
      "integrity": "sha512-hj5SfPFUOVAFeauyLwqE73M5314Q9EehjK7K1IRQ+Noh+rCBdC0I0xW9uM1G3FxWdQx2+2BDL+oEQwVlDa2lMg=="
    }
  }
}
